
Microsoft Visual Studio Solution File, Format Version 12.00
# Visual Studio Version 16
VisualStudioVersion = 16.0.32802.440
MinimumVisualStudioVersion = 10.0.40219.1
Project("{9A19103F-16F7-4668-BE54-9A1E7A4F7556}") = "LandscapeApplication", "LandscapeApplication\LandscapeApplication.csproj", "{80E2F9A3-C7BC-4459-BC3B-E09DB1913518}"
EndProject
Project("{9A19103F-16F7-4668-BE54-9A1E7A4F7556}") = "LandscapeLibrary", "LandscapeLibrary\LandscapeLibrary.csproj", "{16211323-0605-4B98-B75A-A98D13B600D4}"
EndProject
Project("{9A19103F-16F7-4668-BE54-9A1E7A4F7556}") = "LandscapeApplicationUI", "WinFormsApp1\LandscapeApplicationUI.csproj", "{CD36AA6E-4C5B-4949-AF23-D8BB31691666}"
EndProject
Global
	GlobalSection(SolutionConfigurationPlatforms) = preSolution
		Debug|Any CPU = Debug|Any CPU
		Release|Any CPU = Release|Any CPU
	EndGlobalSection
	GlobalSection(ProjectConfigurationPlatforms) = postSolution
		{80E2F9A3-C7BC-4459-BC3B-E09DB1913518}.Debug|Any CPU.ActiveCfg = Debug|Any CPU
		{80E2F9A3-C7BC-4459-BC3B-E09DB1913518}.Debug|Any CPU.Build.0 = Debug|Any CPU
		{80E2F9A3-C7BC-4459-BC3B-E09DB1913518}.Release|Any CPU.ActiveCfg = Release|Any CPU
		{80E2F9A3-C7BC-4459-BC3B-E09DB1913518}.Release|Any CPU.Build.0 = Release|Any CPU
		{16211323-0605-4B98-B75A-A98D13B600D4}.Debug|Any CPU.ActiveCfg = Debug|Any CPU
		{16211323-0605-4B98-B75A-A98D13B600D4}.Debug|Any CPU.Build.0 = Debug|Any CPU
		{16211323-0605-4B98-B75A-A98D13B600D4}.Release|Any CPU.ActiveCfg = Release|Any CPU
		{16211323-0605-4B98-B75A-A98D13B600D4}.Release|Any CPU.Build.0 = Release|Any CPU
		{CD36AA6E-4C5B-4949-AF23-D8BB31691666}.Debug|Any CPU.ActiveCfg = Debug|Any CPU
		{CD36AA6E-4C5B-4949-AF23-D8BB31691666}.Debug|Any CPU.Build.0 = Debug|Any CPU
		{CD36AA6E-4C5B-4949-AF23-D8BB31691666}.Release|Any CPU.ActiveCfg = Release|Any CPU
		{CD36AA6E-4C5B-4949-AF23-D8BB31691666}.Release|Any CPU.Build.0 = Release|Any CPU
	EndGlobalSection
	GlobalSection(SolutionProperties) = preSolution
		HideSolutionNode = FALSE
	EndGlobalSection
	GlobalSection(ExtensibilityGlobals) = postSolution
		SolutionGuid = {F171E3A2-F62C-49FA-B5AE-AEF8D3A045D3}
	EndGlobalSection
EndGlobal
